
Microsoft Visual Studio Solution File, Format Version 12.00
# Visual Studio 15
VisualStudioVersion = 15.0.28307.168
MinimumVisualStudioVersion = 10.0.40219.1
Project("{FAE04EC0-301F-11D3-BF4B-00C04F79EFBC}") = "TestingGitHub", "TestingGitHub\TestingGitHub.csproj", "{69CE68BA-CC5A-42E4-A9E8-673C7BD07C13}"
EndProject
Global
	GlobalSection(SolutionConfigurationPlatforms) = preSolution
		Debug|Any CPU = Debug|Any CPU
		Release|Any CPU = Release|Any CPU
	EndGlobalSection
	GlobalSection(ProjectConfigurationPlatforms) = postSolution
		{69CE68BA-CC5A-42E4-A9E8-673C7BD07C13}.Debug|Any CPU.ActiveCfg = Debug|Any CPU
		{69CE68BA-CC5A-42E4-A9E8-673C7BD07C13}.Debug|Any CPU.Build.0 = Debug|Any CPU
		{69CE68BA-CC5A-42E4-A9E8-673C7BD07C13}.Release|Any CPU.ActiveCfg = Release|Any CPU
		{69CE68BA-CC5A-42E4-A9E8-673C7BD07C13}.Release|Any CPU.Build.0 = Release|Any CPU
	EndGlobalSection
	GlobalSection(SolutionProperties) = preSolution
		HideSolutionNode = FALSE
	EndGlobalSection
	GlobalSection(ExtensibilityGlobals) = postSolution
		SolutionGuid = {6CA7F7BE-DCA1-4E47-9EB6-1859ABBFD23F}
	EndGlobalSection
EndGlobal
